github.com/davecgh/go-spew v1.1.1 h1:vj9j/u1bqnvCEfJOwUhtlOARqs3+rkHYY13jYWTU97c=
github.com/davecgh/go-spew v1.1.1/go.mod h1:J7Y8YcW2NihsgmVo/mv3lAwl/skON4iLHjSsI+c5H38=
github.com/pmezard/go-difflib v1.0.0 h1:4DBwDE0NGyQoBHbLQYPwSUPoCMWR5BEzIk/f1lZbAQM=
github.com/pmezard/go-difflib v1.0.0/go.mod h1:iKH77koFhYxTK1pcRnkKkqfTogsbg7gZNVY4sRDYZ/4=
github.com/thatguystone/cog v0.0.0-20181219042148-944a78a7ce02 h1:mVKcGsyfJi5JW8uJzV9hJXsO78SFWEzlsB+uPC4H+uQ=
github.com/thatguystone/cog v0.0.0-20181219042148-944a78a7ce02/go.mod h1:qjN5Ulawdts3nakUshfsx7phr//cFWAn5hugUoefk5Q=
golang.org/x/tools v0.0.0-20181218204010-d4971274fe38 h1:e07OqjPO5oqQAJqid1fAwyMi/IK+hfSYrivMpzzAJtU=
golang.org/x/tools v0.0.0-20181218204010-d4971274fe38/go.mod h1:n7NCudcB/nEzxVGmLbDWY5pfWTLqBcC2KZ6jyYvM4mQ=
